// !$*UTF8*$!
{
	archiveVersion = 1;
	classes = {
	};
	objectVersion = 50;
	objects = {

/* Begin PBXBuildFile section */
		1B424EB024E3C2B000248DEA /* AppDelegate.swift in Sources */ = {isa = PBXBuildFile; fileRef = 1B424EAF24E3C2B000248DEA /* AppDelegate.swift */; };
		1B424EB224E3C2B000248DEA /* SceneDelegate.swift in Sources */ = {isa = PBXBuildFile; fileRef = 1B424EB124E3C2B000248DEA /* SceneDelegate.swift */; };
		1B424EB424E3C2B000248DEA /* ViewController.swift in Sources */ = {isa = PBXBuildFile; fileRef = 1B424EB324E3C2B000248DEA /* ViewController.swift */; };
		1B424EB724E3C2B000248DEA /* Main.storyboard in Resources */ = {isa = PBXBuildFile; fileRef = 1B424EB524E3C2B000248DEA /* Main.storyboard */; };
		1B424EB924E3C2B100248DEA /* Assets.xcassets in Resources */ = {isa = PBXBuildFile; fileRef = 1B424EB824E3C2B100248DEA /* Assets.xcassets */; };
		1B424EBC24E3C2B100248DEA /* LaunchScreen.storyboard in Resources */ = {isa = PBXBuildFile; fileRef = 1B424EBA24E3C2B100248DEA /* LaunchScreen.storyboard */; };
/* End PBXBuildFile section */

/* Begin PBXFileReference section */
		1B424EAC24E3C2B000248DEA /* BnV.app */ = {isa = PBXFileReference; explicitFileType = wrapper.application; includeInIndex = 0; path = BnV.app; sourceTree = BUILT_PRODUCTS_DIR; };
		1B424EAF24E3C2B000248DEA /* AppDelegate.swift */ = {isa = PBXFileReference; lastKnownFileType = sourcecode.swift; path = AppDelegate.swift; sourceTree = "<group>"; };
		1B424EB124E3C2B000248DEA /* SceneDelegate.swift */ = {isa = PBXFileReference; lastKnownFileType = sourcecode.swift; path = SceneDelegate.swift; sourceTree = "<group>"; };
		1B424EB324E3C2B000248DEA /* ViewController.swift */ = {isa = PBXFileReference; lastKnownFileType = sourcecode.swift; path = ViewController.swift; sourceTree = "<group>"; };
		1B424EB624E3C2B000248DEA /* Base */ = {isa = PBXFileReference; lastKnownFileType = file.storyboard; name = Base; path = Base.lproj/Main.storyboard; sourceTree = "<group>"; };
		1B424EB824E3C2B100248DEA /* Assets.xcassets */ = {isa = PBXFileReference; lastKnownFileType = folder.assetcatalog; path = Assets.xcassets; sourceTree = "<group>"; };
		1B424EBB24E3C2B100248DEA /* Base */ = {isa = PBXFileReference; lastKnownFileType = file.storyboard; name = Base; path = Base.lproj/LaunchScreen.storyboard; sourceTree = "<group>"; };
		1B424EBD24E3C2B100248DEA /* Info.plist */ = {isa = PBXFileReference; lastKnownFileType = text.plist.xml; path = Info.plist; sourceTree = "<group>"; };
/* End PBXFileReference section */

/* Begin PBXFrameworksBuildPhase section */
		1B424EA924E3C2B000248DEA /* Frameworks */ = {
			isa = PBXFrameworksBuildPhase;
			buildActionMask = 2147483647;
			files = (
			);
			runOnlyForDeploymentPostprocessing = 0;
		};
/* End PBXFrameworksBuildPhase section */

/* Begin PBXGroup section */
		1B424EA324E3C2B000248DEA = {
			isa = PBXGroup;
			children = (
				1B424EAE24E3C2B000248DEA /* BnV */,
				1B424EAD24E3C2B000248DEA /* Products */,
			);
			sourceTree = "<group>";
		};
		1B424EAD24E3C2B000248DEA /* Products */ = {
			isa = PBXGroup;
			children = (
				1B424EAC24E3C2B000248DEA /* BnV.app */,
			);
			name = Products;
			sourceTree = "<group>";
		};
		1B424EAE24E3C2B000248DEA /* BnV */ = {
			isa = PBXGroup;
			children = (
				1B424EAF24E3C2B000248DEA /* AppDelegate.swift */,
				1B424EB124E3C2B000248DEA /* SceneDelegate.swift */,
				1B424EB324E3C2B000248DEA /* ViewController.swift */,
				1B424EB524E3C2B000248DEA /* Main.storyboard */,
				1B424EB824E3C2B100248DEA /* Assets.xcassets */,
				1B424EBA24E3C2B100248DEA /* LaunchScreen.storyboard */,
				1B424EBD24E3C2B100248DEA /* Info.plist */,
			);
			path = BnV;
			sourceTree = "<group>";
		};
/* End PBXGroup section */

/* Begin PBXNativeTarget section */
		1B424EAB24E3C2B000248DEA /* BnV */ = {
			isa = PBXNativeTarget;
			buildConfigurationList = 1B424EC024E3C2B100248DEA /* Build configuration list for PBXNativeTarget "BnV" */;
			buildPhases = (
				1B424EA824E3C2B000248DEA /* Sources */,
				1B424EA924E3C2B000248DEA /* Frameworks */,
				1B424EAA24E3C2B000248DEA /* Resources */,
			);
			buildRules = (
			);
			dependencies = (
			);
			name = BnV;
			productName = BnV;
			productReference = 1B424EAC24E3C2B000248DEA /* BnV.app */;
			productType = "com.apple.product-type.application";
		};
/* End PBXNativeTarget section */

/* Begin PBXProject section */
		1B424EA424E3C2B000248DEA /* Project object */ = {
			isa = PBXProject;
			attributes = {
				LastSwiftUpdateCheck = 1160;
				LastUpgradeCheck = 1160;
				ORGANIZATIONNAME = "ibrahim oktay";
				TargetAttributes = {
					1B424EAB24E3C2B000248DEA = {
						CreatedOnToolsVersion = 11.6;
					};
				};
			};
			buildConfigurationList = 1B424EA724E3C2B000248DEA /* Build configuration list for PBXProject "BnV" */;
			compatibilityVersion = "Xcode 9.3";
			developmentRegion = en;
			hasScannedForEncodings = 0;
			knownRegions = (
				en,
				Base,
			);
			mainGroup = 1B424EA324E3C2B000248DEA;
			productRefGroup = 1B424EAD24E3C2B000248DEA /* Products */;
			projectDirPath = "";
			projectRoot = "";
			targets = (
				1B424EAB24E3C2B000248DEA /* BnV */,
			);
		};
/* End PBXProject section */

/* Begin PBXResourcesBuildPhase section */
		1B424EAA24E3C2B000248DEA /* Resources */ = {
			isa = PBXResourcesBuildPhase;
			buildActionMask = 2147483647;
			files = (
				1B424EBC24E3C2B100248DEA /* LaunchScreen.storyboard in Resources */,
				1B424EB924E3C2B100248DEA /* Assets.xcassets in Resources */,
				1B424EB724E3C2B000248DEA /* Main.storyboard in Resources */,
			);
			runOnlyForDeploymentPostprocessing = 0;
		};
/* End PBXResourcesBuildPhase section */

/* Begin PBXSourcesBuildPhase section */
		1B424EA824E3C2B000248DEA /* Sources */ = {
			isa = PBXSourcesBuildPhase;
			buildActionMask = 2147483647;
			files = (
				1B424EB424E3C2B000248DEA /* ViewController.swift in Sources */,
				1B424EB024E3C2B000248DEA /* AppDelegate.swift in Sources */,
				1B424EB224E3C2B000248DEA /* SceneDelegate.swift in Sources */,
			);
			runOnlyForDeploymentPostprocessing = 0;
		};
/* End PBXSourcesBuildPhase section */

/* Begin PBXVariantGroup section */
		1B424EB524E3C2B000248DEA /* Main.storyboard */ = {
			isa = PBXVariantGroup;
			children = (
				1B424EB624E3C2B000248DEA /* Base */,
			);
			name = Main.storyboard;
			sourceTree = "<group>";
		};
		1B424EBA24E3C2B100248DEA /* LaunchScreen.storyboard */ = {
			isa = PBXVariantGroup;
			children = (
				1B424EBB24E3C2B100248DEA /* Base */,
			);
			name = LaunchScreen.storyboard;
			sourceTree = "<group>";
		};
/* End PBXVariantGroup section */

/* Begin XCBuildConfiguration section */
		1B424EBE24E3C2B100248DEA /* Debug */ = {
			isa = XCBuildConfiguration;
			buildSettings = {
				ALWAYS_SEARCH_USER_PATHS = NO;
				CLANG_ANALYZER_NONNULL = YES;
				CLANG_ANALYZER_NUMBER_OBJECT_CONVERSION = YES_AGGRESSIVE;
				CLANG_CXX_LANGUAGE_STANDARD = "gnu++14";
				CLANG_CXX_LIBRARY = "libc++";
				CLANG_ENABLE_MODULES = YES;
				CLANG_ENABLE_OBJC_ARC = YES;
				CLANG_ENABLE_OBJC_WEAK = YES;
				CLANG_WARN_BLOCK_CAPTURE_AUTORELEASING = YES;
				CLANG_WARN_BOOL_CONVERSION = YES;
				CLANG_WARN_COMMA = YES;
				CLANG_WARN_CONSTANT_CONVERSION = YES;
				CLANG_WARN_DEPRECATED_OBJC_IMPLEMENTATIONS = YES;
				CLANG_WARN_DIRECT_OBJC_ISA_USAGE = YES_ERROR;
				CLANG_WARN_DOCUMENTATION_COMMENTS = YES;
				CLANG_WARN_EMPTY_BODY = YES;
				CLANG_WARN_ENUM_CONVERSION = YES;
				CLANG_WARN_INFINITE_RECURSION = YES;
				CLANG_WARN_INT_CONVERSION = YES;
				CLANG_WARN_NON_LITERAL_NULL_CONVERSION = YES;
				CLANG_WARN_OBJC_IMPLICIT_RETAIN_SELF = YES;
				CLANG_WARN_OBJC_LITERAL_CONVERSION = YES;
				CLANG_WARN_OBJC_ROOT_CLASS = YES_ERROR;
				CLANG_WARN_RANGE_LOOP_ANALYSIS = YES;
				CLANG_WARN_STRICT_PROTOTYPES = YES;
				CLANG_WARN_SUSPICIOUS_MOVE = YES;
				CLANG_WARN_UNGUARDED_AVAILABILITY = YES_AGGRESSIVE;
				CLANG_WARN_UNREACHABLE_CODE = YES;
				CLANG_WARN__DUPLICATE_METHOD_MATCH = YES;
				COPY_PHASE_STRIP = NO;
				DEBUG_INFORMATION_FORMAT = dwarf;
				ENABLE_STRICT_OBJC_MSGSEND = YES;
				ENABLE_TESTABILITY = YES;
				GCC_C_LANGUAGE_STANDARD = gnu11;
				GCC_DYNAMIC_NO_PIC = NO;
				GCC_NO_COMMON_BLOCKS = YES;
				GCC_OPTIMIZATION_LEVEL = 0;
				GCC_PREPROCESSOR_DEFINITIONS = (
					"DEBUG=1",
					"$(inherited)",
				);
				GCC_WARN_64_TO_32_BIT_CONVERSION = YES;
				GCC_WARN_ABOUT_RETURN_TYPE = YES_ERROR;
				GCC_WARN_UNDECLARED_SELECTOR = YES;
				GCC_WARN_UNINITIALIZED_AUTOS = YES_AGGRESSIVE;
				GCC_WARN_UNUSED_FUNCTION = YES;
				GCC_WARN_UNUSED_VARIABLE = YES;
				IPHONEOS_DEPLOYMENT_TARGET = 13.6;
				MTL_ENABLE_DEBUG_INFO = INCLUDE_SOURCE;
				MTL_FAST_MATH = YES;
				ONLY_ACTIVE_ARCH = YES;
				SDKROOT = iphoneos;
				SWIFT_ACTIVE_COMPILATION_CONDITIONS = DEBUG;
				SWIFT_OPTIMIZATION_LEVEL = "-Onone";
			};
			name = Debug;
		};
		1B424EBF24E3C2B100248DEA /* Release */ = {
			isa = XCBuildConfiguration;
			buildSettings = {
				ALWAYS_SEARCH_USER_PATHS = NO;
				CLANG_ANALYZER_NONNULL = YES;
				CLANG_ANALYZER_NUMBER_OBJECT_CONVERSION = YES_AGGRESSIVE;
				CLANG_CXX_LANGUAGE_STANDARD = "gnu++14";
				CLANG_CXX_LIBRARY = "libc++";
				CLANG_ENABLE_MODULES = YES;
				CLANG_ENABLE_OBJC_ARC = YES;
				CLANG_ENABLE_OBJC_WEAK = YES;
				CLANG_WARN_BLOCK_CAPTURE_AUTORELEASING = YES;
				CLANG_WARN_BOOL_CONVERSION = YES;
				CLANG_WARN_COMMA = YES;
				CLANG_WARN_CONSTANT_CONVERSION = YES;
				CLANG_WARN_DEPRECATED_OBJC_IMPLEMENTATIONS = YES;
				CLANG_WARN_DIRECT_OBJC_ISA_USAGE = YES_ERROR;
				CLANG_WARN_DOCUMENTATION_COMMENTS = YES;
				CLANG_WARN_EMPTY_BODY = YES;
				CLANG_WARN_ENUM_CONVERSION = YES;
				CLANG_WARN_INFINITE_RECURSION = YES;
				CLANG_WARN_INT_CONVERSION = YES;
				CLANG_WARN_NON_LITERAL_NULL_CONVERSION = YES;
				CLANG_WARN_OBJC_IMPLICIT_RETAIN_SELF = YES;
				CLANG_WARN_OBJC_LITERAL_CONVERSION = YES;
				CLANG_WARN_OBJC_ROOT_CLASS = YES_ERROR;
				CLANG_WARN_RANGE_LOOP_ANALYSIS = YES;
				CLANG_WARN_STRICT_PROTOTYPES = YES;
				CLANG_WARN_SUSPICIOUS_MOVE = YES;
				CLANG_WARN_UNGUARDED_AVAILABILITY = YES_AGGRESSIVE;
				CLANG_WARN_UNREACHABLE_CODE = YES;
				CLANG_WARN__DUPLICATE_METHOD_MATCH = YES;
				COPY_PHASE_STRIP = NO;
				DEBUG_INFORMATION_FORMAT = "dwarf-with-dsym";
				ENABLE_NS_ASSERTIONS = NO;
				ENABLE_STRICT_OBJC_MSGSEND = YES;
				GCC_C_LANGUAGE_STANDARD = gnu11;
				GCC_NO_COMMON_BLOCKS = YES;
				GCC_WARN_64_TO_32_BIT_CONVERSION = YES;
				GCC_WARN_ABOUT_RETURN_TYPE = YES_ERROR;
				GCC_WARN_UNDECLARED_SELECTOR = YES;
				GCC_WARN_UNINITIALIZED_AUTOS = YES_AGGRESSIVE;
				GCC_WARN_UNUSED_FUNCTION = YES;
				GCC_WARN_UNUSED_VARIABLE = YES;
				IPHONEOS_DEPLOYMENT_TARGET = 13.6;
				MTL_ENABLE_DEBUG_INFO = NO;
				MTL_FAST_MATH = YES;
				SDKROOT = iphoneos;
				SWIFT_COMPILATION_MODE = wholemodule;
				SWIFT_OPTIMIZATION_LEVEL = "-O";
				VALIDATE_PRODUCT = YES;
			};
			name = Release;
		};
		1B424EC124E3C2B100248DEA /* Debug */ = {
			isa = XCBuildConfiguration;
			buildSettings = {
				ASSETCATALOG_COMPILER_APPICON_NAME = AppIcon;
				CODE_SIGN_STYLE = Automatic;
				DEVELOPMENT_TEAM = E8FXH2KYZN;
				INFOPLIST_FILE = BnV/Info.plist;
				LD_RUNPATH_SEARCH_PATHS = (
					"$(inherited)",
					"@executable_path/Frameworks",
				);
				PRODUCT_BUNDLE_IDENTIFIER = com.io.BnV;
				PRODUCT_NAME = "$(TARGET_NAME)";
				SWIFT_VERSION = 5.0;
				TARGETED_DEVICE_FAMILY = "1,2";
			};
			name = Debug;
		};
		1B424EC224E3C2B100248DEA /* Release */ = {
			isa = XCBuildConfiguration;
			buildSettings = {
				ASSETCATALOG_COMPILER_APPICON_NAME = AppIcon;
				CODE_SIGN_STYLE = Automatic;
				DEVELOPMENT_TEAM = E8FXH2KYZN;
				INFOPLIST_FILE = BnV/Info.plist;
				LD_RUNPATH_SEARCH_PATHS = (
					"$(inherited)",
					"@executable_path/Frameworks",
				);
				PRODUCT_BUNDLE_IDENTIFIER = com.io.BnV;
				PRODUCT_NAME = "$(TARGET_NAME)";
				SWIFT_VERSION = 5.0;
				TARGETED_DEVICE_FAMILY = "1,2";
			};
			name = Release;
		};
/* End XCBuildConfiguration section */

/* Begin XCConfigurationList section */
		1B424EA724E3C2B000248DEA /* Build configuration list for PBXProject "BnV" */ = {
			isa = XCConfigurationList;
			buildConfigurations = (
				1B424EBE24E3C2B100248DEA /* Debug */,
				1B424EBF24E3C2B100248DEA /* Release */,
			);
			defaultConfigurationIsVisible = 0;
			defaultConfigurationName = Release;
		};
		1B424EC024E3C2B100248DEA /* Build configuration list for PBXNativeTarget "BnV" */ = {
			isa = XCConfigurationList;
			buildConfigurations = (
				1B424EC124E3C2B100248DEA /* Debug */,
				1B424EC224E3C2B100248DEA /* Release */,
			);
			defaultConfigurationIsVisible = 0;
			defaultConfigurationName = Release;
		};
/* End XCConfigurationList section */
	};
	rootObject = 1B424EA424E3C2B000248DEA /* Project object */;
}
